
Microsoft Visual Studio Solution File, Format Version 12.00
# Visual Studio Version 17
VisualStudioVersion = 17.1.32407.343
MinimumVisualStudioVersion = 10.0.40219.1
Project("{FAE04EC0-301F-11D3-BF4B-00C04F79EFBC}") = "Test_Task_Sizes", "Test_Task_Sizes\Test_Task_Sizes.csproj", "{FCA86C4C-4894-4B94-8236-17AB4A6BD266}"
EndProject
Global
	GlobalSection(SolutionConfigurationPlatforms) = preSolution
		Debug|Any CPU = Debug|Any CPU
		Release|Any CPU = Release|Any CPU
	EndGlobalSection
	GlobalSection(ProjectConfigurationPlatforms) = postSolution
		{FCA86C4C-4894-4B94-8236-17AB4A6BD266}.Debug|Any CPU.ActiveCfg = Debug|Any CPU
		{FCA86C4C-4894-4B94-8236-17AB4A6BD266}.Debug|Any CPU.Build.0 = Debug|Any CPU
		{FCA86C4C-4894-4B94-8236-17AB4A6BD266}.Release|Any CPU.ActiveCfg = Release|Any CPU
		{FCA86C4C-4894-4B94-8236-17AB4A6BD266}.Release|Any CPU.Build.0 = Release|Any CPU
	EndGlobalSection
	GlobalSection(SolutionProperties) = preSolution
		HideSolutionNode = FALSE
	EndGlobalSection
	GlobalSection(ExtensibilityGlobals) = postSolution
		SolutionGuid = {0D5EFA53-892D-40B1-A65E-28872DA4093F}
	EndGlobalSection
EndGlobal
